{
  "digest": "sha256:99ab3f772be6a5afc665c8e51364dc477c34c2cd0b5cf959f3446e401b21d832",
  "hashed_files": [
    "factors.yaml",
    "fixtures/worlds/conditional/crisis_severity_mild.worldspec.json",
    "fixtures/worlds/conditional/crisis_severity_severe.worldspec.json",
    "fixtures/worlds/conditional/crisis_timing_early.worldspec.json",
    "fixtures/worlds/conditional/crisis_timing_late.worldspec.json",
    "fixtures/worlds/conditional/inflation_mild.worldspec.json",
    "fixtures/worlds/conditional/inflation_severe.worldspec.json",
    "fixtures/worlds/conditional/rate_endpoints_mild.worldspec.json",
    "fixtures/worlds/conditional/rate_endpoints_severe.worldspec.json",
    "pre-registration.yaml",
    "src/ah/battery/report.py",
    "src/ah/battery/stylized.py",
    "src/ah/battery/thresholds.yaml",
    "src/ah/data/derive.py",
    "src/ah/eval/ablation.py",
    "src/ah/eval/battery.py",
    "src/ah/eval/g2.py",
    "src/ah/eval/metrics/_pooling.py",
    "src/ah/eval/metrics/calibration.py",
    "src/ah/eval/metrics/conditional.py",
    "src/ah/eval/metrics/economics.py",
    "src/ah/eval/metrics/horizon.py",
    "src/ah/eval/metrics/memorization.py",
    "src/ah/eval/metrics/monthly.py",
    "src/ah/eval/metrics/tails.py",
    "src/ah/eval/metrics/utility.py",
    "src/ah/eval/negative_controls.py",
    "src/ah/eval/panel.py",
    "src/ah/eval/prereg.py",
    "src/ah/eval/reference.py",
    "src/ah/factors.py",
    "src/ah/splits.py",
    "src/ah/strategies.py"
  ],
  "prereg_path": "pre-registration.yaml",
  "sealed_at": "2026-07-31"
}
