{
  "digest": "sha256:4aaa097ca51edb0c1918bc3c16b55b72f18464fc2d94619e2b90c055890930df",
  "hashed_files": [
    "artifacts/volext/equity-vol-backcast-provenance.json",
    "factors.yaml",
    "fixtures/worlds/conditional/crisis_severity_mild.worldspec.json",
    "fixtures/worlds/conditional/crisis_severity_severe.worldspec.json",
    "fixtures/worlds/conditional/crisis_timing_early.worldspec.json",
    "fixtures/worlds/conditional/crisis_timing_late.worldspec.json",
    "fixtures/worlds/conditional/inflation_mild.worldspec.json",
    "fixtures/worlds/conditional/inflation_severe.worldspec.json",
    "fixtures/worlds/conditional/rate_endpoints_mild.worldspec.json",
    "fixtures/worlds/conditional/rate_endpoints_severe.worldspec.json",
    "pre-registration.yaml",
    "src/ah/battery/report.py",
    "src/ah/battery/stylized.py",
    "src/ah/battery/thresholds.yaml",
    "src/ah/data/derive.py",
    "src/ah/data/equity_vol_pinned_draw.json",
    "src/ah/data/funding_extend.py",
    "src/ah/data/fx_parity.py",
    "src/ah/data/hqm_extend.py",
    "src/ah/data/splice.py",
    "src/ah/data/ust10y_extend.py",
    "src/ah/data/ust2y_extend.py",
    "src/ah/data/vol_backcast.py",
    "src/ah/data/vol_extend.py",
    "src/ah/eval/ablation.py",
    "src/ah/eval/battery.py",
    "src/ah/eval/g2.py",
    "src/ah/eval/metrics/_pooling.py",
    "src/ah/eval/metrics/calibration.py",
    "src/ah/eval/metrics/conditional.py",
    "src/ah/eval/metrics/economics.py",
    "src/ah/eval/metrics/horizon.py",
    "src/ah/eval/metrics/memorization.py",
    "src/ah/eval/metrics/monthly.py",
    "src/ah/eval/metrics/tails.py",
    "src/ah/eval/metrics/utility.py",
    "src/ah/eval/negative_controls.py",
    "src/ah/eval/panel.py",
    "src/ah/eval/prereg.py",
    "src/ah/eval/reference.py",
    "src/ah/factors.py",
    "src/ah/splits.py",
    "src/ah/strategies.py"
  ],
  "prereg_path": "pre-registration.yaml",
  "sealed_at": "2026-08-10"
}
