{
  "digest": "sha256:5a7a6ca26dbe5fd17c4bcbb3d77774bb167364dc41f18afa75947d637d1adfd4",
  "hashed_files": [
    "Instructions/holdout-evaluation-spec.md",
    "factors.yaml",
    "src/ah/eval/decision_metrics.py",
    "src/ah/eval/g5seal.py",
    "src/ah/eval/prereg.py",
    "src/ah/splits.py",
    "step5-evaluation-protocol.yaml"
  ],
  "prereg_path": "step5-evaluation-protocol.yaml",
  "sealed_at": "2026-08-09T21:15:00-07:00"
}
