{
  "digest": "sha256:9689d5008f0ae0b271e08ee298dfd611b590dd52a1c5d95e42bf8d15c04a47f5",
  "hashed_files": [
    "factors.yaml",
    "mappings/cashflow-tier0-v1.0.yaml",
    "mappings/cashflow-tier1-v1.0.yaml",
    "mappings/sleeve-mappings-v1.0.yaml",
    "mappings/sleeve-mappings-v1.1.yaml",
    "mappings/sleeve-mappings-v1.2.yaml",
    "mappings/sleeve-mappings-v1.3.yaml",
    "mappings/smoothing-kernel-v1.0.yaml",
    "pre-registration-g3.yaml",
    "scripts/estimate_sleeve_mappings.py",
    "scripts/estimate_sleeve_mappings_v1_1.py",
    "scripts/estimate_sleeve_mappings_v1_2.py",
    "scripts/estimate_smoothing_kernel.py",
    "scripts/freeze_tier0_spec.py",
    "scripts/freeze_tier1_linkage.py",
    "scripts/make_sleeve_mappings_v1_3.py",
    "scripts/run_2022_replay.py",
    "src/ah/data/derive.py",
    "src/ah/data/desmooth.py",
    "src/ah/data/taxonomy.py",
    "src/ah/eval/episode2022.py",
    "src/ah/eval/g3seal.py",
    "src/ah/eval/metrics/_pooling.py",
    "src/ah/eval/metrics/tails.py",
    "src/ah/eval/prereg.py",
    "src/ah/eval/reference.py",
    "src/ah/eval/sleevetails.py",
    "src/ah/splits.py",
    "taxonomy/albourne_mapping.yaml",
    "taxonomy/sleeves.yaml"
  ],
  "prereg_path": "pre-registration-g3.yaml",
  "sealed_at": "2026-08-19"
}
