{
  "digest": "sha256:9d00930c4ee16a4880713333e39ee6d79fb03e06c8312679acf3cbca91d91705",
  "hashed_files": [
    "factors.yaml",
    "mappings/cashflow-tier0-v1.0.yaml",
    "mappings/cashflow-tier1-v1.0.yaml",
    "mappings/sleeve-mappings-v1.0.yaml",
    "mappings/sleeve-mappings-v1.1.yaml",
    "mappings/sleeve-mappings-v1.2.yaml",
    "mappings/smoothing-kernel-v1.0.yaml",
    "pre-registration-g3.yaml",
    "scripts/estimate_sleeve_mappings.py",
    "scripts/estimate_sleeve_mappings_v1_1.py",
    "scripts/estimate_sleeve_mappings_v1_2.py",
    "scripts/estimate_smoothing_kernel.py",
    "scripts/freeze_tier0_spec.py",
    "scripts/freeze_tier1_linkage.py",
    "scripts/run_2022_replay.py",
    "src/ah/data/derive.py",
    "src/ah/data/desmooth.py",
    "src/ah/data/taxonomy.py",
    "src/ah/eval/episode2022.py",
    "src/ah/eval/g3seal.py",
    "src/ah/eval/metrics/_pooling.py",
    "src/ah/eval/metrics/tails.py",
    "src/ah/eval/prereg.py",
    "src/ah/eval/reference.py",
    "src/ah/eval/sleevetails.py",
    "src/ah/splits.py",
    "taxonomy/albourne_mapping.yaml",
    "taxonomy/sleeves.yaml"
  ],
  "prereg_path": "pre-registration-g3.yaml",
  "sealed_at": "2026-08-18"
}
