{
  "digest": "sha256:6b223aa903b175acaaa41eedc6370b03ecabadc18bacfa52e717c67c45b39610",
  "hashed_files": [
    "Instructions/holdout-evaluation-spec.md",
    "factors.yaml",
    "src/ah/eval/decision_metrics.py",
    "src/ah/eval/g5seal.py",
    "src/ah/eval/prereg.py",
    "src/ah/splits.py",
    "step5-evaluation-protocol.yaml"
  ],
  "prereg_path": "step5-evaluation-protocol.yaml",
  "sealed_at": "2026-08-02T23:00:00+00:00"
}
